
Microsoft Visual Studio Solution File, Format Version 12.00
# Visual Studio 15
VisualStudioVersion = 15.0.26730.12
MinimumVisualStudioVersion = 10.0.40219.1
Project("{9A19103F-16F7-4668-BE54-9A1E7A4F7556}") = "Serenity.Core", "Serenity\Serenity.Core\Serenity.Core.csproj", "{6F13B7F5-3F1E-4A7F-962D-59EBD3118E83}"
EndProject
Project("{9A19103F-16F7-4668-BE54-9A1E7A4F7556}") = "Serenity.Data", "Serenity\Serenity.Data\Serenity.Data.csproj", "{A2B991E8-3E2C-477F-B70A-22355C52A8B8}"
EndProject
Project("{9A19103F-16F7-4668-BE54-9A1E7A4F7556}") = "Serenity.Data.Entity", "Serenity\Serenity.Data.Entity\Serenity.Data.Entity.csproj", "{716C65D4-B1B0-49D1-80BD-780659577150}"
EndProject
Project("{9A19103F-16F7-4668-BE54-9A1E7A4F7556}") = "Serenity.Services", "Serenity\Serenity.Services\Serenity.Services.csproj", "{D0697A40-5BCB-4B2E-B72C-E371AFEF3BD9}"
EndProject
Project("{9A19103F-16F7-4668-BE54-9A1E7A4F7556}") = "Serenity.Web", "Serenity\Serenity.Web\Serenity.Web.csproj", "{2DB8084A-1CF1-490F-AE59-7DB6AFC29FCA}"
EndProject
Project("{9A19103F-16F7-4668-BE54-9A1E7A4F7556}") = "Serenity.CodeGenerator", "Serenity\Serenity.CodeGenerator\Serenity.CodeGenerator.csproj", "{7B2CED35-AD39-42D5-AF64-5AC73D11EEF9}"
EndProject
Project("{FAE04EC0-301F-11D3-BF4B-00C04F79EFBC}") = "Serenity.TypeScript.CoreLib", "Serenity\Serenity.TypeScript.CoreLib\Serenity.TypeScript.CoreLib.csproj", "{2C18F028-3783-4BFA-9F2E-AC17591278EC}"
EndProject
Project("{FAE04EC0-301F-11D3-BF4B-00C04F79EFBC}") = "Serenity.TypeScript.CodeGeneration", "Serenity\Serenity.TypeScript.CodeGeneration\Serenity.TypeScript.CodeGeneration.csproj", "{6AC1B628-C759-4B5B-ACD7-75C202C65DFB}"
EndProject
Project("{9A19103F-16F7-4668-BE54-9A1E7A4F7556}") = "Serene.Core", "Serene\Serene.Core\Serene.Core.csproj", "{0AFCC20A-532D-40D1-8D5E-8FB597FB7A33}"
	ProjectSection(ProjectDependencies) = postProject
		{2C18F028-3783-4BFA-9F2E-AC17591278EC} = {2C18F028-3783-4BFA-9F2E-AC17591278EC}
		{7B2CED35-AD39-42D5-AF64-5AC73D11EEF9} = {7B2CED35-AD39-42D5-AF64-5AC73D11EEF9}
	EndProjectSection
EndProject
Global
	GlobalSection(SolutionConfigurationPlatforms) = preSolution
		Debug|Any CPU = Debug|Any CPU
		Debug|x86 = Debug|x86
		Release|Any CPU = Release|Any CPU
		Release|x86 = Release|x86
	EndGlobalSection
	GlobalSection(ProjectConfigurationPlatforms) = postSolution
		{6F13B7F5-3F1E-4A7F-962D-59EBD3118E83}.Debug|Any CPU.ActiveCfg = Debug|Any CPU
		{6F13B7F5-3F1E-4A7F-962D-59EBD3118E83}.Debug|Any CPU.Build.0 = Debug|Any CPU
		{6F13B7F5-3F1E-4A7F-962D-59EBD3118E83}.Debug|x86.ActiveCfg = Debug|Any CPU
		{6F13B7F5-3F1E-4A7F-962D-59EBD3118E83}.Debug|x86.Build.0 = Debug|Any CPU
		{6F13B7F5-3F1E-4A7F-962D-59EBD3118E83}.Release|Any CPU.ActiveCfg = Release|Any CPU
		{6F13B7F5-3F1E-4A7F-962D-59EBD3118E83}.Release|Any CPU.Build.0 = Release|Any CPU
		{6F13B7F5-3F1E-4A7F-962D-59EBD3118E83}.Release|x86.ActiveCfg = Release|Any CPU
		{6F13B7F5-3F1E-4A7F-962D-59EBD3118E83}.Release|x86.Build.0 = Release|Any CPU
		{A2B991E8-3E2C-477F-B70A-22355C52A8B8}.Debug|Any CPU.ActiveCfg = Debug|Any CPU
		{A2B991E8-3E2C-477F-B70A-22355C52A8B8}.Debug|Any CPU.Build.0 = Debug|Any CPU
		{A2B991E8-3E2C-477F-B70A-22355C52A8B8}.Debug|x86.ActiveCfg = Debug|Any CPU
		{A2B991E8-3E2C-477F-B70A-22355C52A8B8}.Debug|x86.Build.0 = Debug|Any CPU
		{A2B991E8-3E2C-477F-B70A-22355C52A8B8}.Release|Any CPU.ActiveCfg = Release|Any CPU
		{A2B991E8-3E2C-477F-B70A-22355C52A8B8}.Release|Any CPU.Build.0 = Release|Any CPU
		{A2B991E8-3E2C-477F-B70A-22355C52A8B8}.Release|x86.ActiveCfg = Release|Any CPU
		{A2B991E8-3E2C-477F-B70A-22355C52A8B8}.Release|x86.Build.0 = Release|Any CPU
		{716C65D4-B1B0-49D1-80BD-780659577150}.Debug|Any CPU.ActiveCfg = Debug|Any CPU
		{716C65D4-B1B0-49D1-80BD-780659577150}.Debug|Any CPU.Build.0 = Debug|Any CPU
		{716C65D4-B1B0-49D1-80BD-780659577150}.Debug|x86.ActiveCfg = Debug|Any CPU
		{716C65D4-B1B0-49D1-80BD-780659577150}.Debug|x86.Build.0 = Debug|Any CPU
		{716C65D4-B1B0-49D1-80BD-780659577150}.Release|Any CPU.ActiveCfg = Release|Any CPU
		{716C65D4-B1B0-49D1-80BD-780659577150}.Release|Any CPU.Build.0 = Release|Any CPU
		{716C65D4-B1B0-49D1-80BD-780659577150}.Release|x86.ActiveCfg = Release|Any CPU
		{716C65D4-B1B0-49D1-80BD-780659577150}.Release|x86.Build.0 = Release|Any CPU
		{D0697A40-5BCB-4B2E-B72C-E371AFEF3BD9}.Debug|Any CPU.ActiveCfg = Debug|Any CPU
		{D0697A40-5BCB-4B2E-B72C-E371AFEF3BD9}.Debug|Any CPU.Build.0 = Debug|Any CPU
		{D0697A40-5BCB-4B2E-B72C-E371AFEF3BD9}.Debug|x86.ActiveCfg = Debug|Any CPU
		{D0697A40-5BCB-4B2E-B72C-E371AFEF3BD9}.Debug|x86.Build.0 = Debug|Any CPU
		{D0697A40-5BCB-4B2E-B72C-E371AFEF3BD9}.Release|Any CPU.ActiveCfg = Release|Any CPU
		{D0697A40-5BCB-4B2E-B72C-E371AFEF3BD9}.Release|Any CPU.Build.0 = Release|Any CPU
		{D0697A40-5BCB-4B2E-B72C-E371AFEF3BD9}.Release|x86.ActiveCfg = Release|Any CPU
		{D0697A40-5BCB-4B2E-B72C-E371AFEF3BD9}.Release|x86.Build.0 = Release|Any CPU
		{2DB8084A-1CF1-490F-AE59-7DB6AFC29FCA}.Debug|Any CPU.ActiveCfg = Debug|Any CPU
		{2DB8084A-1CF1-490F-AE59-7DB6AFC29FCA}.Debug|Any CPU.Build.0 = Debug|Any CPU
		{2DB8084A-1CF1-490F-AE59-7DB6AFC29FCA}.Debug|x86.ActiveCfg = Debug|Any CPU
		{2DB8084A-1CF1-490F-AE59-7DB6AFC29FCA}.Debug|x86.Build.0 = Debug|Any CPU
		{2DB8084A-1CF1-490F-AE59-7DB6AFC29FCA}.Release|Any CPU.ActiveCfg = Release|Any CPU
		{2DB8084A-1CF1-490F-AE59-7DB6AFC29FCA}.Release|Any CPU.Build.0 = Release|Any CPU
		{2DB8084A-1CF1-490F-AE59-7DB6AFC29FCA}.Release|x86.ActiveCfg = Release|Any CPU
		{2DB8084A-1CF1-490F-AE59-7DB6AFC29FCA}.Release|x86.Build.0 = Release|Any CPU
		{7B2CED35-AD39-42D5-AF64-5AC73D11EEF9}.Debug|Any CPU.ActiveCfg = Debug|Any CPU
		{7B2CED35-AD39-42D5-AF64-5AC73D11EEF9}.Debug|Any CPU.Build.0 = Debug|Any CPU
		{7B2CED35-AD39-42D5-AF64-5AC73D11EEF9}.Debug|x86.ActiveCfg = Debug|Any CPU
		{7B2CED35-AD39-42D5-AF64-5AC73D11EEF9}.Debug|x86.Build.0 = Debug|Any CPU
		{7B2CED35-AD39-42D5-AF64-5AC73D11EEF9}.Release|Any CPU.ActiveCfg = Release|Any CPU
		{7B2CED35-AD39-42D5-AF64-5AC73D11EEF9}.Release|Any CPU.Build.0 = Release|Any CPU
		{7B2CED35-AD39-42D5-AF64-5AC73D11EEF9}.Release|x86.ActiveCfg = Release|Any CPU
		{7B2CED35-AD39-42D5-AF64-5AC73D11EEF9}.Release|x86.Build.0 = Release|Any CPU
		{2C18F028-3783-4BFA-9F2E-AC17591278EC}.Debug|Any CPU.ActiveCfg = Debug|Any CPU
		{2C18F028-3783-4BFA-9F2E-AC17591278EC}.Debug|Any CPU.Build.0 = Debug|Any CPU
		{2C18F028-3783-4BFA-9F2E-AC17591278EC}.Debug|x86.ActiveCfg = Debug|Any CPU
		{2C18F028-3783-4BFA-9F2E-AC17591278EC}.Debug|x86.Build.0 = Debug|Any CPU
		{2C18F028-3783-4BFA-9F2E-AC17591278EC}.Release|Any CPU.ActiveCfg = Release|Any CPU
		{2C18F028-3783-4BFA-9F2E-AC17591278EC}.Release|Any CPU.Build.0 = Release|Any CPU
		{2C18F028-3783-4BFA-9F2E-AC17591278EC}.Release|x86.ActiveCfg = Release|Any CPU
		{2C18F028-3783-4BFA-9F2E-AC17591278EC}.Release|x86.Build.0 = Release|Any CPU
		{6AC1B628-C759-4B5B-ACD7-75C202C65DFB}.Debug|Any CPU.ActiveCfg = Debug|Any CPU
		{6AC1B628-C759-4B5B-ACD7-75C202C65DFB}.Debug|Any CPU.Build.0 = Debug|Any CPU
		{6AC1B628-C759-4B5B-ACD7-75C202C65DFB}.Debug|x86.ActiveCfg = Debug|Any CPU
		{6AC1B628-C759-4B5B-ACD7-75C202C65DFB}.Debug|x86.Build.0 = Debug|Any CPU
		{6AC1B628-C759-4B5B-ACD7-75C202C65DFB}.Release|Any CPU.ActiveCfg = Release|Any CPU
		{6AC1B628-C759-4B5B-ACD7-75C202C65DFB}.Release|Any CPU.Build.0 = Release|Any CPU
		{6AC1B628-C759-4B5B-ACD7-75C202C65DFB}.Release|x86.ActiveCfg = Release|Any CPU
		{6AC1B628-C759-4B5B-ACD7-75C202C65DFB}.Release|x86.Build.0 = Release|Any CPU
		{0AFCC20A-532D-40D1-8D5E-8FB597FB7A33}.Debug|Any CPU.ActiveCfg = Debug|Any CPU
		{0AFCC20A-532D-40D1-8D5E-8FB597FB7A33}.Debug|Any CPU.Build.0 = Debug|Any CPU
		{0AFCC20A-532D-40D1-8D5E-8FB597FB7A33}.Debug|x86.ActiveCfg = Debug|Any CPU
		{0AFCC20A-532D-40D1-8D5E-8FB597FB7A33}.Debug|x86.Build.0 = Debug|Any CPU
		{0AFCC20A-532D-40D1-8D5E-8FB597FB7A33}.Release|Any CPU.ActiveCfg = Release|Any CPU
		{0AFCC20A-532D-40D1-8D5E-8FB597FB7A33}.Release|Any CPU.Build.0 = Release|Any CPU
		{0AFCC20A-532D-40D1-8D5E-8FB597FB7A33}.Release|x86.ActiveCfg = Release|Any CPU
		{0AFCC20A-532D-40D1-8D5E-8FB597FB7A33}.Release|x86.Build.0 = Release|Any CPU
	EndGlobalSection
	GlobalSection(SolutionProperties) = preSolution
		HideSolutionNode = FALSE
	EndGlobalSection
	GlobalSection(ExtensibilityGlobals) = postSolution
		SolutionGuid = {E3D6F321-A8ED-4CE2-B6B5-3ADB9B858898}
	EndGlobalSection
EndGlobal
