{
  "name": "serene.test",
  "version": "1.0.0",
  "lockfileVersion": 1,
  "requires": true,
  "dependencies": {
    "@types/jquery": {
      "version": "2.0.51",
      "resolved": "https://registry.npmjs.org/@types/jquery/-/jquery-2.0.51.tgz",
      "integrity": "sha512-+vtCjz+pzr5KkaX/GMnVF0YtQqkm+oVcdBH0Q7zCxdwk42c71xJ9hT1b6Mbn4Kf7CAxSHvkWF1LRdpYwUM+pcg=="
    },
    "@types/jquery.blockui": {
      "version": "0.0.27",
      "resolved": "http://registry.npmjs.org/@types/jquery.blockui/-/jquery.blockui-0.0.27.tgz",
      "integrity": "sha1-6xcjUruBKnFRXDoUv32adRh7I1A=",
      "requires": {
        "@types/jquery": "*"
      }
    },
    "@types/jquery.cookie": {
      "version": "1.4.31",
      "resolved": "https://registry.npmjs.org/@types/jquery.cookie/-/jquery.cookie-1.4.31.tgz",
      "integrity": "sha512-m0wfCAh9nrzZuFVhhxhyb6VwI8nLvM7bAY7VecXhmJ0krfVqWkWhy5wAdO41XfiMhRPDutIjHdT/UTuS8uzoKQ==",
      "requires": {
        "@types/jquery": "*"
      }
    },
    "@types/jquery.validation": {
      "version": "1.16.5",
      "resolved": "https://registry.npmjs.org/@types/jquery.validation/-/jquery.validation-1.16.5.tgz",
      "integrity": "sha512-KLSZQ6MBx4KbaPDP3WucqXkJojgI29+uVBkcHvzyAUUDdExkd60vNHc7++HhZokWk1e7EExxKHLDEAWaQWC2Vg==",
      "requires": {
        "@types/jquery": "*"
      }
    },
    "@types/jqueryui": {
      "version": "1.12.6",
      "resolved": "https://registry.npmjs.org/@types/jqueryui/-/jqueryui-1.12.6.tgz",
      "integrity": "sha512-lF4aIWtQ3Xbd6J+9WXz/day1pyf39ZMO/KUrigFAuMQ6FFVw2xZBIRCUwA7/CEnab1Bb7b4ko304Lxrp2xw8hQ==",
      "requires": {
        "@types/jquery": "*"
      }
    },
    "@types/jspdf": {
      "version": "1.1.31",
      "resolved": "http://registry.npmjs.org/@types/jspdf/-/jspdf-1.1.31.tgz",
      "integrity": "sha1-iN6AGP/rjyZPl1dPKxxVuMVAUyY="
    },
    "@types/prop-types": {
      "version": "15.5.6",
      "resolved": "https://registry.npmjs.org/@types/prop-types/-/prop-types-15.5.6.tgz",
      "integrity": "sha512-ZBFR7TROLVzCkswA3Fmqq+IIJt62/T7aY/Dmz+QkU7CaW2QFqAitCE8Ups7IzmGhcN1YWMBT4Qcoc07jU9hOJQ=="
    },
    "@types/react": {
      "version": "16.4.18",
      "resolved": "https://registry.npmjs.org/@types/react/-/react-16.4.18.tgz",
      "integrity": "sha512-eFzJKEg6pdeaukVLVZ8Xb79CTl/ysX+ExmOfAAqcFlCCK5TgFDD9kWR0S18sglQ3EmM8U+80enjUqbfnUyqpdA==",
      "requires": {
        "@types/prop-types": "*",
        "csstype": "^2.2.0"
      }
    },
    "@types/sortablejs": {
      "version": "1.7.0",
      "resolved": "https://registry.npmjs.org/@types/sortablejs/-/sortablejs-1.7.0.tgz",
      "integrity": "sha512-VVsUcV+c3SEUqoLcP43zEkZArKulFK+NH2su9ZqWyzI9ZRZCVjQMdJh2H8LASnHzWxatpCzIfIyCT8B64ZDbMw=="
    },
    "@types/toastr": {
      "version": "2.1.35",
      "resolved": "https://registry.npmjs.org/@types/toastr/-/toastr-2.1.35.tgz",
      "integrity": "sha512-NSPsNyBRxopghpNQLPqMLGK4oDIey5prT6RTkExljOfRrid0bkTr5v9NXYntBOwhEMmHjrmdsxY/g2/eKAJZpg==",
      "requires": {
        "@types/jquery": "*"
      }
    },
    "csstype": {
      "version": "2.5.7",
      "resolved": "https://registry.npmjs.org/csstype/-/csstype-2.5.7.tgz",
      "integrity": "sha512-Nt5VDyOTIIV4/nRFswoCKps1R5CD1hkiyjBE9/thNaNZILLEviVw9yWQw15+O+CpNjQKB/uvdcxFFOrSflY3Yw=="
    }
  }
}
