{
  "name": "serene.web",
  "lockfileVersion": 2,
  "requires": true,
  "packages": {
    "": {
      "name": "serene.web",
      "dependencies": {
        "@serenity-is/corelib": "file:../../Serenity/src/Serenity.Scripts/corelib",
        "@serenity-is/sleekgrid": "1.3.9",
        "@types/jquery": "2.0.48",
        "@types/jquery.validation": "1.16.7",
        "@types/jqueryui": "1.12.6",
        "@types/toastr": "2.1.39"
      },
      "devDependencies": {
        "@serenity-is/tsbuild": "6.2.9"
      }
    },
    "../../Serenity/src/Serenity.Scripts/corelib": {
      "version": "6.3.0",
      "license": "MIT",
      "dependencies": {
        "@serenity-is/sleekgrid": "1.3.9",
        "@types/jquery": "2.0.48",
        "@types/jquery.validation": "1.16.7",
        "@types/jqueryui": "1.12.6",
        "@types/toastr": "2.1.39"
      },
      "devDependencies": {
        "@happy-dom/jest-environment": "^6.0.4",
        "@rollup/plugin-typescript": "8.5.0",
        "@types/jest": "27.0.2",
        "@types/node": "14.14.14",
        "esbuild": "0.15.11",
        "flatpickr": "4.6.13",
        "jest": "27.3.1",
        "jest-esbuild": "^0.2.9",
        "jquery": "3.6.0",
        "rollup": "2.79.1",
        "rollup-plugin-dts": "4.2.2",
        "terser": "^5.14.2",
        "tslib": "2.4.0",
        "typescript": "4.7.4"
      },
      "optionalDependencies": {
        "fsevents": "2.3.2"
      }
    },
    "node_modules/@esbuild/android-arm": {
      "version": "0.15.11",
      "resolved": "https://registry.npmjs.org/@esbuild/android-arm/-/android-arm-0.15.11.tgz",
      "integrity": "sha512-PzMcQLazLBkwDEkrNPi9AbjFt6+3I7HKbiYF2XtWQ7wItrHvEOeO3T8Am434zAozWtVP7lrTue1bEfc2nYWeCA==",
      "cpu": [
        "arm"
      ],
      "dev": true,
      "optional": true,
      "os": [
        "android"
      ],
      "engines": {
        "node": ">=12"
      }
    },
    "node_modules/@esbuild/linux-loong64": {
      "version": "0.15.11",
      "resolved": "https://registry.npmjs.org/@esbuild/linux-loong64/-/linux-loong64-0.15.11.tgz",
      "integrity": "sha512-geWp637tUhNmhL3Xgy4Bj703yXB9dqiLJe05lCUfjSFDrQf9C/8pArusyPUbUbPwlC/EAUjBw32sxuIl/11dZw==",
      "cpu": [
        "loong64"
      ],
      "dev": true,
      "optional": true,
      "os": [
        "linux"
      ],
      "engines": {
        "node": ">=12"
      }
    },
    "node_modules/@serenity-is/corelib": {
      "resolved": "../../Serenity/src/Serenity.Scripts/corelib",
      "link": true
    },
    "node_modules/@serenity-is/sleekgrid": {
      "version": "1.3.9",
      "resolved": "https://registry.npmjs.org/@serenity-is/sleekgrid/-/sleekgrid-1.3.9.tgz",
      "integrity": "sha512-HWter1VLuPM98fwVbDgUG3YtSZgSsF9dXRDVC76JppdFs5eUlSAfTPB8C08DXeF3mzByQZ4afAqiQxXkwc2RUA=="
    },
    "node_modules/@serenity-is/tsbuild": {
      "version": "6.2.9",
      "resolved": "https://registry.npmjs.org/@serenity-is/tsbuild/-/tsbuild-6.2.9.tgz",
      "integrity": "sha512-sBVu9x4vE+msyBRcCa2//RTiPlG5L7pwuRngKbwcuJ61bN6FaxxC+r7Nxu/ZHBoDtlcOy8z82PDYYOS45poDRg==",
      "dev": true,
      "dependencies": {
        "esbuild": "0.15.11"
      },
      "optionalDependencies": {
        "fsevents": "2.3.2"
      }
    },
    "node_modules/@types/jquery": {
      "version": "2.0.48",
      "resolved": "https://registry.npmjs.org/@types/jquery/-/jquery-2.0.48.tgz",
      "integrity": "sha512-nNLzUrVjaRV/Ds1eHZLYTd7IZxs38cwwLSaqMJj8OTXY8xNUbxSK69bi9cMLvQ7dm/IBeQ1wHwQ0S1uYa0rd2w=="
    },
    "node_modules/@types/jquery.validation": {
      "version": "1.16.7",
      "resolved": "https://registry.npmjs.org/@types/jquery.validation/-/jquery.validation-1.16.7.tgz",
      "integrity": "sha512-auRrFzVUOOg7jcLMGyEhvKAC84e8/Tu27wJXDLk3NZ0XCKGZWHYm7livBEjRs3LkB4vGnMKqWXBBnRpmCO9mhQ==",
      "dependencies": {
        "@types/jquery": "*"
      }
    },
    "node_modules/@types/jqueryui": {
      "version": "1.12.6",
      "resolved": "https://registry.npmjs.org/@types/jqueryui/-/jqueryui-1.12.6.tgz",
      "integrity": "sha512-lF4aIWtQ3Xbd6J+9WXz/day1pyf39ZMO/KUrigFAuMQ6FFVw2xZBIRCUwA7/CEnab1Bb7b4ko304Lxrp2xw8hQ==",
      "dependencies": {
        "@types/jquery": "*"
      }
    },
    "node_modules/@types/toastr": {
      "version": "2.1.39",
      "resolved": "https://registry.npmjs.org/@types/toastr/-/toastr-2.1.39.tgz",
      "integrity": "sha512-jgbMLTjj7dsSY/EYYOoZXhK6OY/bR909Bn6YNnwL3Oq+f0AeFKbYa198XU/6bsmUqqCCWw5VvCi11FDN1/fetw==",
      "dependencies": {
        "@types/jquery": "*"
      }
    },
    "node_modules/esbuild": {
      "version": "0.15.11",
      "resolved": "https://registry.npmjs.org/esbuild/-/esbuild-0.15.11.tgz",
      "integrity": "sha512-OgHGuhlfZ//mToxjte1D5iiiQgWfJ2GByVMwEC/IuoXsBGkuyK1+KrjYu0laSpnN/L1UmLUCv0s25vObdc1bVg==",
      "dev": true,
      "hasInstallScript": true,
      "bin": {
        "esbuild": "bin/esbuild"
      },
      "engines": {
        "node": ">=12"
      },
      "optionalDependencies": {
        "@esbuild/android-arm": "0.15.11",
        "@esbuild/linux-loong64": "0.15.11",
        "esbuild-android-64": "0.15.11",
        "esbuild-android-arm64": "0.15.11",
        "esbuild-darwin-64": "0.15.11",
        "esbuild-darwin-arm64": "0.15.11",
        "esbuild-freebsd-64": "0.15.11",
        "esbuild-freebsd-arm64": "0.15.11",
        "esbuild-linux-32": "0.15.11",
        "esbuild-linux-64": "0.15.11",
        "esbuild-linux-arm": "0.15.11",
        "esbuild-linux-arm64": "0.15.11",
        "esbuild-linux-mips64le": "0.15.11",
        "esbuild-linux-ppc64le": "0.15.11",
        "esbuild-linux-riscv64": "0.15.11",
        "esbuild-linux-s390x": "0.15.11",
        "esbuild-netbsd-64": "0.15.11",
        "esbuild-openbsd-64": "0.15.11",
        "esbuild-sunos-64": "0.15.11",
        "esbuild-windows-32": "0.15.11",
        "esbuild-windows-64": "0.15.11",
        "esbuild-windows-arm64": "0.15.11"
      }
    },
    "node_modules/esbuild-android-64": {
      "version": "0.15.11",
      "resolved": "https://registry.npmjs.org/esbuild-android-64/-/esbuild-android-64-0.15.11.tgz",
      "integrity": "sha512-rrwoXEiuI1kaw4k475NJpexs8GfJqQUKcD08VR8sKHmuW9RUuTR2VxcupVvHdiGh9ihxL9m3lpqB1kju92Ialw==",
      "cpu": [
        "x64"
      ],
      "dev": true,
      "optional": true,
      "os": [
        "android"
      ],
      "engines": {
        "node": ">=12"
      }
    },
    "node_modules/esbuild-android-arm64": {
      "version": "0.15.11",
      "resolved": "https://registry.npmjs.org/esbuild-android-arm64/-/esbuild-android-arm64-0.15.11.tgz",
      "integrity": "sha512-/hDubOg7BHOhUUsT8KUIU7GfZm5bihqssvqK5PfO4apag7YuObZRZSzViyEKcFn2tPeHx7RKbSBXvAopSHDZJQ==",
      "cpu": [
        "arm64"
      ],
      "dev": true,
      "optional": true,
      "os": [
        "android"
      ],
      "engines": {
        "node": ">=12"
      }
    },
    "node_modules/esbuild-darwin-64": {
      "version": "0.15.11",
      "resolved": "https://registry.npmjs.org/esbuild-darwin-64/-/esbuild-darwin-64-0.15.11.tgz",
      "integrity": "sha512-1DqHD0ms3AhiwkKnjRUzmiW7JnaJJr5FKrPiR7xuyMwnjDqvNWDdMq4rKSD9OC0piFNK6n0LghsglNMe2MwJtA==",
      "cpu": [
        "x64"
      ],
      "dev": true,
      "optional": true,
      "os": [
        "darwin"
      ],
      "engines": {
        "node": ">=12"
      }
    },
    "node_modules/esbuild-darwin-arm64": {
      "version": "0.15.11",
      "resolved": "https://registry.npmjs.org/esbuild-darwin-arm64/-/esbuild-darwin-arm64-0.15.11.tgz",
      "integrity": "sha512-OMzhxSbS0lwwrW40HHjRCeVIJTURdXFA8c3GU30MlHKuPCcvWNUIKVucVBtNpJySXmbkQMDJdJNrXzNDyvoqvQ==",
      "cpu": [
        "arm64"
      ],
      "dev": true,
      "optional": true,
      "os": [
        "darwin"
      ],
      "engines": {
        "node": ">=12"
      }
    },
    "node_modules/esbuild-freebsd-64": {
      "version": "0.15.11",
      "resolved": "https://registry.npmjs.org/esbuild-freebsd-64/-/esbuild-freebsd-64-0.15.11.tgz",
      "integrity": "sha512-8dKP26r0/Qyez8nTCwpq60QbuYKOeBygdgOAWGCRalunyeqWRoSZj9TQjPDnTTI9joxd3QYw3UhVZTKxO9QdRg==",
      "cpu": [
        "x64"
      ],
      "dev": true,
      "optional": true,
      "os": [
        "freebsd"
      ],
      "engines": {
        "node": ">=12"
      }
    },
    "node_modules/esbuild-freebsd-arm64": {
      "version": "0.15.11",
      "resolved": "https://registry.npmjs.org/esbuild-freebsd-arm64/-/esbuild-freebsd-arm64-0.15.11.tgz",
      "integrity": "sha512-aSGiODiukLGGnSg/O9+cGO2QxEacrdCtCawehkWYTt5VX1ni2b9KoxpHCT9h9Y6wGqNHmXFnB47RRJ8BIqZgmQ==",
      "cpu": [
        "arm64"
      ],
      "dev": true,
      "optional": true,
      "os": [
        "freebsd"
      ],
      "engines": {
        "node": ">=12"
      }
    },
    "node_modules/esbuild-linux-32": {
      "version": "0.15.11",
      "resolved": "https://registry.npmjs.org/esbuild-linux-32/-/esbuild-linux-32-0.15.11.tgz",
      "integrity": "sha512-lsrAfdyJBGx+6aHIQmgqUonEzKYeBnyfJPkT6N2dOf1RoXYYV1BkWB6G02tjsrz1d5wZzaTc3cF+TKmuTo/ZwA==",
      "cpu": [
        "ia32"
      ],
      "dev": true,
      "optional": true,
      "os": [
        "linux"
      ],
      "engines": {
        "node": ">=12"
      }
    },
    "node_modules/esbuild-linux-64": {
      "version": "0.15.11",
      "resolved": "https://registry.npmjs.org/esbuild-linux-64/-/esbuild-linux-64-0.15.11.tgz",
      "integrity": "sha512-Y2Rh+PcyVhQqXKBTacPCltINN3uIw2xC+dsvLANJ1SpK5NJUtxv8+rqWpjmBgaNWKQT1/uGpMmA9olALy9PLVA==",
      "cpu": [
        "x64"
      ],
      "dev": true,
      "optional": true,
      "os": [
        "linux"
      ],
      "engines": {
        "node": ">=12"
      }
    },
    "node_modules/esbuild-linux-arm": {
      "version": "0.15.11",
      "resolved": "https://registry.npmjs.org/esbuild-linux-arm/-/esbuild-linux-arm-0.15.11.tgz",
      "integrity": "sha512-TJllTVk5aSyqPFvvcHTvf6Wu1ZKhWpJ/qNmZO8LL/XeB+LXCclm7HQHNEIz6MT7IX8PmlC1BZYrOiw2sXSB95A==",
      "cpu": [
        "arm"
      ],
      "dev": true,
      "optional": true,
      "os": [
        "linux"
      ],
      "engines": {
        "node": ">=12"
      }
    },
    "node_modules/esbuild-linux-arm64": {
      "version": "0.15.11",
      "resolved": "https://registry.npmjs.org/esbuild-linux-arm64/-/esbuild-linux-arm64-0.15.11.tgz",
      "integrity": "sha512-uhcXiTwTmD4OpxJu3xC5TzAAw6Wzf9O1XGWL448EE9bqGjgV1j+oK3lIHAfsHnuIn8K4nDW8yjX0Sv5S++oRuw==",
      "cpu": [
        "arm64"
      ],
      "dev": true,
      "optional": true,
      "os": [
        "linux"
      ],
      "engines": {
        "node": ">=12"
      }
    },
    "node_modules/esbuild-linux-mips64le": {
      "version": "0.15.11",
      "resolved": "https://registry.npmjs.org/esbuild-linux-mips64le/-/esbuild-linux-mips64le-0.15.11.tgz",
      "integrity": "sha512-WD61y/R1M4BLe4gxXRypoQ0Ci+Vjf714QYzcPNkiYv5I8K8WDz2ZR8Bm6cqKxd6rD+e/rZgPDbhQ9PCf7TMHmA==",
      "cpu": [
        "mips64el"
      ],
      "dev": true,
      "optional": true,
      "os": [
        "linux"
      ],
      "engines": {
        "node": ">=12"
      }
    },
    "node_modules/esbuild-linux-ppc64le": {
      "version": "0.15.11",
      "resolved": "https://registry.npmjs.org/esbuild-linux-ppc64le/-/esbuild-linux-ppc64le-0.15.11.tgz",
      "integrity": "sha512-JVleZS9oPVLTlBhPTWgOwxFWU/wMUdlBwTbGA4GF8c38sLbS13cupj+C8bLq929jU7EMWry4SaL+tKGIaTlqKg==",
      "cpu": [
        "ppc64"
      ],
      "dev": true,
      "optional": true,
      "os": [
        "linux"
      ],
      "engines": {
        "node": ">=12"
      }
    },
    "node_modules/esbuild-linux-riscv64": {
      "version": "0.15.11",
      "resolved": "https://registry.npmjs.org/esbuild-linux-riscv64/-/esbuild-linux-riscv64-0.15.11.tgz",
      "integrity": "sha512-9aLIalZ2HFHIOZpmVU11sEAS9F8TnHw49daEjcgMpBXHFF57VuT9f9/9LKJhw781Gda0P9jDkuCWJ0tFbErvJw==",
      "cpu": [
        "riscv64"
      ],
      "dev": true,
      "optional": true,
      "os": [
        "linux"
      ],
      "engines": {
        "node": ">=12"
      }
    },
    "node_modules/esbuild-linux-s390x": {
      "version": "0.15.11",
      "resolved": "https://registry.npmjs.org/esbuild-linux-s390x/-/esbuild-linux-s390x-0.15.11.tgz",
      "integrity": "sha512-sZHtiXXOKsLI3XGBGoYO4qKBzJlb8xNsWmvFiwFMHFzA4AXgDP1KDp7Dawe9C2pavTRBDvl+Ok4n/DHQ59oaTg==",
      "cpu": [
        "s390x"
      ],
      "dev": true,
      "optional": true,
      "os": [
        "linux"
      ],
      "engines": {
        "node": ">=12"
      }
    },
    "node_modules/esbuild-netbsd-64": {
      "version": "0.15.11",
      "resolved": "https://registry.npmjs.org/esbuild-netbsd-64/-/esbuild-netbsd-64-0.15.11.tgz",
      "integrity": "sha512-hUC9yN06K9sg7ju4Vgu9ChAPdsEgtcrcLfyNT5IKwKyfpLvKUwCMZSdF+gRD3WpyZelgTQfJ+pDx5XFbXTlB0A==",
      "cpu": [
        "x64"
      ],
      "dev": true,
      "optional": true,
      "os": [
        "netbsd"
      ],
      "engines": {
        "node": ">=12"
      }
    },
    "node_modules/esbuild-openbsd-64": {
      "version": "0.15.11",
      "resolved": "https://registry.npmjs.org/esbuild-openbsd-64/-/esbuild-openbsd-64-0.15.11.tgz",
      "integrity": "sha512-0bBo9SQR4t66Wd91LGMAqmWorzO0TTzVjYiifwoFtel8luFeXuPThQnEm5ztN4g0fnvcp7AnUPPzS/Depf17wQ==",
      "cpu": [
        "x64"
      ],
      "dev": true,
      "optional": true,
      "os": [
        "openbsd"
      ],
      "engines": {
        "node": ">=12"
      }
    },
    "node_modules/esbuild-sunos-64": {
      "version": "0.15.11",
      "resolved": "https://registry.npmjs.org/esbuild-sunos-64/-/esbuild-sunos-64-0.15.11.tgz",
      "integrity": "sha512-EuBdTGlsMTjEl1sQnBX2jfygy7iR6CKfvOzi+gEOfhDqbHXsmY1dcpbVtcwHAg9/2yUZSfMJHMAgf1z8M4yyyw==",
      "cpu": [
        "x64"
      ],
      "dev": true,
      "optional": true,
      "os": [
        "sunos"
      ],
      "engines": {
        "node": ">=12"
      }
    },
    "node_modules/esbuild-windows-32": {
      "version": "0.15.11",
      "resolved": "https://registry.npmjs.org/esbuild-windows-32/-/esbuild-windows-32-0.15.11.tgz",
      "integrity": "sha512-O0/Wo1Wk6dc0rZSxkvGpmTNIycEznHmkObTFz2VHBhjPsO4ZpCgfGxNkCpz4AdAIeMczpTXt/8d5vdJNKEGC+Q==",
      "cpu": [
        "ia32"
      ],
      "dev": true,
      "optional": true,
      "os": [
        "win32"
      ],
      "engines": {
        "node": ">=12"
      }
    },
    "node_modules/esbuild-windows-64": {
      "version": "0.15.11",
      "resolved": "https://registry.npmjs.org/esbuild-windows-64/-/esbuild-windows-64-0.15.11.tgz",
      "integrity": "sha512-x977Q4HhNjnHx00b4XLAnTtj5vfbdEvkxaQwC1Zh5AN8g5EX+izgZ6e5QgqJgpzyRNJqh4hkgIJF1pyy1be0mQ==",
      "cpu": [
        "x64"
      ],
      "dev": true,
      "optional": true,
      "os": [
        "win32"
      ],
      "engines": {
        "node": ">=12"
      }
    },
    "node_modules/esbuild-windows-arm64": {
      "version": "0.15.11",
      "resolved": "https://registry.npmjs.org/esbuild-windows-arm64/-/esbuild-windows-arm64-0.15.11.tgz",
      "integrity": "sha512-VwUHFACuBahrvntdcMKZteUZ9HaYrBRODoKe4tIWxguQRvvYoYb7iu5LrcRS/FQx8KPZNaa72zuqwVtHeXsITw==",
      "cpu": [
        "arm64"
      ],
      "dev": true,
      "optional": true,
      "os": [
        "win32"
      ],
      "engines": {
        "node": ">=12"
      }
    },
    "node_modules/fsevents": {
      "version": "2.3.2",
      "resolved": "https://registry.npmjs.org/fsevents/-/fsevents-2.3.2.tgz",
      "integrity": "sha512-xiqMQR4xAeHTuB9uWm+fFRcIOgKBMiOBP+eXiyT7jsgVCq1bkVygt00oASowB7EdtpOHaaPgKt812P9ab+DDKA==",
      "dev": true,
      "hasInstallScript": true,
      "optional": true,
      "os": [
        "darwin"
      ],
      "engines": {
        "node": "^8.16.0 || ^10.6.0 || >=11.0.0"
      }
    }
  },
  "dependencies": {
    "@esbuild/android-arm": {
      "version": "0.15.11",
      "resolved": "https://registry.npmjs.org/@esbuild/android-arm/-/android-arm-0.15.11.tgz",
      "integrity": "sha512-PzMcQLazLBkwDEkrNPi9AbjFt6+3I7HKbiYF2XtWQ7wItrHvEOeO3T8Am434zAozWtVP7lrTue1bEfc2nYWeCA==",
      "dev": true,
      "optional": true
    },
    "@esbuild/linux-loong64": {
      "version": "0.15.11",
      "resolved": "https://registry.npmjs.org/@esbuild/linux-loong64/-/linux-loong64-0.15.11.tgz",
      "integrity": "sha512-geWp637tUhNmhL3Xgy4Bj703yXB9dqiLJe05lCUfjSFDrQf9C/8pArusyPUbUbPwlC/EAUjBw32sxuIl/11dZw==",
      "dev": true,
      "optional": true
    },
    "@serenity-is/corelib": {
      "version": "file:../../Serenity/src/Serenity.Scripts/corelib",
      "requires": {
        "@happy-dom/jest-environment": "^6.0.4",
        "@rollup/plugin-typescript": "8.5.0",
        "@serenity-is/sleekgrid": "1.3.9",
        "@types/jest": "27.0.2",
        "@types/jquery": "2.0.48",
        "@types/jquery.validation": "1.16.7",
        "@types/jqueryui": "1.12.6",
        "@types/node": "14.14.14",
        "@types/toastr": "2.1.39",
        "esbuild": "0.15.11",
        "flatpickr": "4.6.13",
        "fsevents": "2.3.2",
        "jest": "27.3.1",
        "jest-esbuild": "^0.2.9",
        "jquery": "3.6.0",
        "rollup": "2.79.1",
        "rollup-plugin-dts": "4.2.2",
        "terser": "^5.14.2",
        "tslib": "2.4.0",
        "typescript": "4.7.4"
      }
    },
    "@serenity-is/sleekgrid": {
      "version": "1.3.9",
      "resolved": "https://registry.npmjs.org/@serenity-is/sleekgrid/-/sleekgrid-1.3.9.tgz",
      "integrity": "sha512-HWter1VLuPM98fwVbDgUG3YtSZgSsF9dXRDVC76JppdFs5eUlSAfTPB8C08DXeF3mzByQZ4afAqiQxXkwc2RUA=="
    },
    "@serenity-is/tsbuild": {
      "version": "6.2.9",
      "resolved": "https://registry.npmjs.org/@serenity-is/tsbuild/-/tsbuild-6.2.9.tgz",
      "integrity": "sha512-sBVu9x4vE+msyBRcCa2//RTiPlG5L7pwuRngKbwcuJ61bN6FaxxC+r7Nxu/ZHBoDtlcOy8z82PDYYOS45poDRg==",
      "dev": true,
      "requires": {
        "esbuild": "0.15.11",
        "fsevents": "2.3.2"
      }
    },
    "@types/jquery": {
      "version": "2.0.48",
      "resolved": "https://registry.npmjs.org/@types/jquery/-/jquery-2.0.48.tgz",
      "integrity": "sha512-nNLzUrVjaRV/Ds1eHZLYTd7IZxs38cwwLSaqMJj8OTXY8xNUbxSK69bi9cMLvQ7dm/IBeQ1wHwQ0S1uYa0rd2w=="
    },
    "@types/jquery.validation": {
      "version": "1.16.7",
      "resolved": "https://registry.npmjs.org/@types/jquery.validation/-/jquery.validation-1.16.7.tgz",
      "integrity": "sha512-auRrFzVUOOg7jcLMGyEhvKAC84e8/Tu27wJXDLk3NZ0XCKGZWHYm7livBEjRs3LkB4vGnMKqWXBBnRpmCO9mhQ==",
      "requires": {
        "@types/jquery": "*"
      }
    },
    "@types/jqueryui": {
      "version": "1.12.6",
      "resolved": "https://registry.npmjs.org/@types/jqueryui/-/jqueryui-1.12.6.tgz",
      "integrity": "sha512-lF4aIWtQ3Xbd6J+9WXz/day1pyf39ZMO/KUrigFAuMQ6FFVw2xZBIRCUwA7/CEnab1Bb7b4ko304Lxrp2xw8hQ==",
      "requires": {
        "@types/jquery": "*"
      }
    },
    "@types/toastr": {
      "version": "2.1.39",
      "resolved": "https://registry.npmjs.org/@types/toastr/-/toastr-2.1.39.tgz",
      "integrity": "sha512-jgbMLTjj7dsSY/EYYOoZXhK6OY/bR909Bn6YNnwL3Oq+f0AeFKbYa198XU/6bsmUqqCCWw5VvCi11FDN1/fetw==",
      "requires": {
        "@types/jquery": "*"
      }
    },
    "esbuild": {
      "version": "0.15.11",
      "resolved": "https://registry.npmjs.org/esbuild/-/esbuild-0.15.11.tgz",
      "integrity": "sha512-OgHGuhlfZ//mToxjte1D5iiiQgWfJ2GByVMwEC/IuoXsBGkuyK1+KrjYu0laSpnN/L1UmLUCv0s25vObdc1bVg==",
      "dev": true,
      "requires": {
        "@esbuild/android-arm": "0.15.11",
        "@esbuild/linux-loong64": "0.15.11",
        "esbuild-android-64": "0.15.11",
        "esbuild-android-arm64": "0.15.11",
        "esbuild-darwin-64": "0.15.11",
        "esbuild-darwin-arm64": "0.15.11",
        "esbuild-freebsd-64": "0.15.11",
        "esbuild-freebsd-arm64": "0.15.11",
        "esbuild-linux-32": "0.15.11",
        "esbuild-linux-64": "0.15.11",
        "esbuild-linux-arm": "0.15.11",
        "esbuild-linux-arm64": "0.15.11",
        "esbuild-linux-mips64le": "0.15.11",
        "esbuild-linux-ppc64le": "0.15.11",
        "esbuild-linux-riscv64": "0.15.11",
        "esbuild-linux-s390x": "0.15.11",
        "esbuild-netbsd-64": "0.15.11",
        "esbuild-openbsd-64": "0.15.11",
        "esbuild-sunos-64": "0.15.11",
        "esbuild-windows-32": "0.15.11",
        "esbuild-windows-64": "0.15.11",
        "esbuild-windows-arm64": "0.15.11"
      }
    },
    "esbuild-android-64": {
      "version": "0.15.11",
      "resolved": "https://registry.npmjs.org/esbuild-android-64/-/esbuild-android-64-0.15.11.tgz",
      "integrity": "sha512-rrwoXEiuI1kaw4k475NJpexs8GfJqQUKcD08VR8sKHmuW9RUuTR2VxcupVvHdiGh9ihxL9m3lpqB1kju92Ialw==",
      "dev": true,
      "optional": true
    },
    "esbuild-android-arm64": {
      "version": "0.15.11",
      "resolved": "https://registry.npmjs.org/esbuild-android-arm64/-/esbuild-android-arm64-0.15.11.tgz",
      "integrity": "sha512-/hDubOg7BHOhUUsT8KUIU7GfZm5bihqssvqK5PfO4apag7YuObZRZSzViyEKcFn2tPeHx7RKbSBXvAopSHDZJQ==",
      "dev": true,
      "optional": true
    },
    "esbuild-darwin-64": {
      "version": "0.15.11",
      "resolved": "https://registry.npmjs.org/esbuild-darwin-64/-/esbuild-darwin-64-0.15.11.tgz",
      "integrity": "sha512-1DqHD0ms3AhiwkKnjRUzmiW7JnaJJr5FKrPiR7xuyMwnjDqvNWDdMq4rKSD9OC0piFNK6n0LghsglNMe2MwJtA==",
      "dev": true,
      "optional": true
    },
    "esbuild-darwin-arm64": {
      "version": "0.15.11",
      "resolved": "https://registry.npmjs.org/esbuild-darwin-arm64/-/esbuild-darwin-arm64-0.15.11.tgz",
      "integrity": "sha512-OMzhxSbS0lwwrW40HHjRCeVIJTURdXFA8c3GU30MlHKuPCcvWNUIKVucVBtNpJySXmbkQMDJdJNrXzNDyvoqvQ==",
      "dev": true,
      "optional": true
    },
    "esbuild-freebsd-64": {
      "version": "0.15.11",
      "resolved": "https://registry.npmjs.org/esbuild-freebsd-64/-/esbuild-freebsd-64-0.15.11.tgz",
      "integrity": "sha512-8dKP26r0/Qyez8nTCwpq60QbuYKOeBygdgOAWGCRalunyeqWRoSZj9TQjPDnTTI9joxd3QYw3UhVZTKxO9QdRg==",
      "dev": true,
      "optional": true
    },
    "esbuild-freebsd-arm64": {
      "version": "0.15.11",
      "resolved": "https://registry.npmjs.org/esbuild-freebsd-arm64/-/esbuild-freebsd-arm64-0.15.11.tgz",
      "integrity": "sha512-aSGiODiukLGGnSg/O9+cGO2QxEacrdCtCawehkWYTt5VX1ni2b9KoxpHCT9h9Y6wGqNHmXFnB47RRJ8BIqZgmQ==",
      "dev": true,
      "optional": true
    },
    "esbuild-linux-32": {
      "version": "0.15.11",
      "resolved": "https://registry.npmjs.org/esbuild-linux-32/-/esbuild-linux-32-0.15.11.tgz",
      "integrity": "sha512-lsrAfdyJBGx+6aHIQmgqUonEzKYeBnyfJPkT6N2dOf1RoXYYV1BkWB6G02tjsrz1d5wZzaTc3cF+TKmuTo/ZwA==",
      "dev": true,
      "optional": true
    },
    "esbuild-linux-64": {
      "version": "0.15.11",
      "resolved": "https://registry.npmjs.org/esbuild-linux-64/-/esbuild-linux-64-0.15.11.tgz",
      "integrity": "sha512-Y2Rh+PcyVhQqXKBTacPCltINN3uIw2xC+dsvLANJ1SpK5NJUtxv8+rqWpjmBgaNWKQT1/uGpMmA9olALy9PLVA==",
      "dev": true,
      "optional": true
    },
    "esbuild-linux-arm": {
      "version": "0.15.11",
      "resolved": "https://registry.npmjs.org/esbuild-linux-arm/-/esbuild-linux-arm-0.15.11.tgz",
      "integrity": "sha512-TJllTVk5aSyqPFvvcHTvf6Wu1ZKhWpJ/qNmZO8LL/XeB+LXCclm7HQHNEIz6MT7IX8PmlC1BZYrOiw2sXSB95A==",
      "dev": true,
      "optional": true
    },
    "esbuild-linux-arm64": {
      "version": "0.15.11",
      "resolved": "https://registry.npmjs.org/esbuild-linux-arm64/-/esbuild-linux-arm64-0.15.11.tgz",
      "integrity": "sha512-uhcXiTwTmD4OpxJu3xC5TzAAw6Wzf9O1XGWL448EE9bqGjgV1j+oK3lIHAfsHnuIn8K4nDW8yjX0Sv5S++oRuw==",
      "dev": true,
      "optional": true
    },
    "esbuild-linux-mips64le": {
      "version": "0.15.11",
      "resolved": "https://registry.npmjs.org/esbuild-linux-mips64le/-/esbuild-linux-mips64le-0.15.11.tgz",
      "integrity": "sha512-WD61y/R1M4BLe4gxXRypoQ0Ci+Vjf714QYzcPNkiYv5I8K8WDz2ZR8Bm6cqKxd6rD+e/rZgPDbhQ9PCf7TMHmA==",
      "dev": true,
      "optional": true
    },
    "esbuild-linux-ppc64le": {
      "version": "0.15.11",
      "resolved": "https://registry.npmjs.org/esbuild-linux-ppc64le/-/esbuild-linux-ppc64le-0.15.11.tgz",
      "integrity": "sha512-JVleZS9oPVLTlBhPTWgOwxFWU/wMUdlBwTbGA4GF8c38sLbS13cupj+C8bLq929jU7EMWry4SaL+tKGIaTlqKg==",
      "dev": true,
      "optional": true
    },
    "esbuild-linux-riscv64": {
      "version": "0.15.11",
      "resolved": "https://registry.npmjs.org/esbuild-linux-riscv64/-/esbuild-linux-riscv64-0.15.11.tgz",
      "integrity": "sha512-9aLIalZ2HFHIOZpmVU11sEAS9F8TnHw49daEjcgMpBXHFF57VuT9f9/9LKJhw781Gda0P9jDkuCWJ0tFbErvJw==",
      "dev": true,
      "optional": true
    },
    "esbuild-linux-s390x": {
      "version": "0.15.11",
      "resolved": "https://registry.npmjs.org/esbuild-linux-s390x/-/esbuild-linux-s390x-0.15.11.tgz",
      "integrity": "sha512-sZHtiXXOKsLI3XGBGoYO4qKBzJlb8xNsWmvFiwFMHFzA4AXgDP1KDp7Dawe9C2pavTRBDvl+Ok4n/DHQ59oaTg==",
      "dev": true,
      "optional": true
    },
    "esbuild-netbsd-64": {
      "version": "0.15.11",
      "resolved": "https://registry.npmjs.org/esbuild-netbsd-64/-/esbuild-netbsd-64-0.15.11.tgz",
      "integrity": "sha512-hUC9yN06K9sg7ju4Vgu9ChAPdsEgtcrcLfyNT5IKwKyfpLvKUwCMZSdF+gRD3WpyZelgTQfJ+pDx5XFbXTlB0A==",
      "dev": true,
      "optional": true
    },
    "esbuild-openbsd-64": {
      "version": "0.15.11",
      "resolved": "https://registry.npmjs.org/esbuild-openbsd-64/-/esbuild-openbsd-64-0.15.11.tgz",
      "integrity": "sha512-0bBo9SQR4t66Wd91LGMAqmWorzO0TTzVjYiifwoFtel8luFeXuPThQnEm5ztN4g0fnvcp7AnUPPzS/Depf17wQ==",
      "dev": true,
      "optional": true
    },
    "esbuild-sunos-64": {
      "version": "0.15.11",
      "resolved": "https://registry.npmjs.org/esbuild-sunos-64/-/esbuild-sunos-64-0.15.11.tgz",
      "integrity": "sha512-EuBdTGlsMTjEl1sQnBX2jfygy7iR6CKfvOzi+gEOfhDqbHXsmY1dcpbVtcwHAg9/2yUZSfMJHMAgf1z8M4yyyw==",
      "dev": true,
      "optional": true
    },
    "esbuild-windows-32": {
      "version": "0.15.11",
      "resolved": "https://registry.npmjs.org/esbuild-windows-32/-/esbuild-windows-32-0.15.11.tgz",
      "integrity": "sha512-O0/Wo1Wk6dc0rZSxkvGpmTNIycEznHmkObTFz2VHBhjPsO4ZpCgfGxNkCpz4AdAIeMczpTXt/8d5vdJNKEGC+Q==",
      "dev": true,
      "optional": true
    },
    "esbuild-windows-64": {
      "version": "0.15.11",
      "resolved": "https://registry.npmjs.org/esbuild-windows-64/-/esbuild-windows-64-0.15.11.tgz",
      "integrity": "sha512-x977Q4HhNjnHx00b4XLAnTtj5vfbdEvkxaQwC1Zh5AN8g5EX+izgZ6e5QgqJgpzyRNJqh4hkgIJF1pyy1be0mQ==",
      "dev": true,
      "optional": true
    },
    "esbuild-windows-arm64": {
      "version": "0.15.11",
      "resolved": "https://registry.npmjs.org/esbuild-windows-arm64/-/esbuild-windows-arm64-0.15.11.tgz",
      "integrity": "sha512-VwUHFACuBahrvntdcMKZteUZ9HaYrBRODoKe4tIWxguQRvvYoYb7iu5LrcRS/FQx8KPZNaa72zuqwVtHeXsITw==",
      "dev": true,
      "optional": true
    },
    "fsevents": {
      "version": "2.3.2",
      "resolved": "https://registry.npmjs.org/fsevents/-/fsevents-2.3.2.tgz",
      "integrity": "sha512-xiqMQR4xAeHTuB9uWm+fFRcIOgKBMiOBP+eXiyT7jsgVCq1bkVygt00oASowB7EdtpOHaaPgKt812P9ab+DDKA==",
      "dev": true,
      "optional": true
    }
  }
}
